# Generated by buf. DO NOT EDIT.
version: v1
deps:
  - remote: buf.build
    owner: cometbft
    repository: cometbft
    commit: 68e42a58b3014033aee53aa3202bf37c
    digest: shake256:51f2fc29511edaadb51b5935a979d5c8e699deed4fe9509180ad3e5fc46f390200740d0cc4781300e927caf24e0079804218c21e6426b4373adfa10a2f59edae
  - remote: buf.build
    owner: cosmos
    repository: cosmos-proto
    commit: 04467658e59e44bbb22fe568206e1f70
    digest: shake256:73a640bd60e0c523b0f8237ff34eab67c45a38b64bbbde1d80224819d272dbf316ac183526bd245f994af6608b025f5130483d0133c5edd385531326b5990466
  - remote: buf.build
    owner: cosmos
    repository: cosmos-sdk
    commit: 5a6ab7bc14314acaa912d5e53aef1c2f
    digest: shake256:02c00c73493720055f9b57553a35b5550023a3c1914123b247956288a78fb913aff70e66552777ae14d759467e119079d484af081264a5dd607a94d9fbc8116b
  - remote: buf.build
    owner: cosmos
    repository: gogo-proto
    commit: 88ef6483f90f478fb938c37dde52ece3
    digest: shake256:89c45df2aa11e0cff97b0d695436713db3d993d76792e9f8dc1ae90e6ab9a9bec55503d48ceedd6b86069ab07d3041b32001b2bfe0227fa725dd515ff381e5ba
  - remote: buf.build
    owner: cosmwasm
    repository: wasmd
    commit: 65537c618a924482b0d5ed51230d92dd
    digest: shake256:88e9c6f2d91919064b55bcfd7af69086cfa687065666526dba91c7fe0428135c48b009c9768f3ff5fa07eefaccedbab0e3268faaff6619d4464038004218234e
  - remote: buf.build
    owner: googleapis
    repository: googleapis
    commit: c17df5b2beca46928cc87d5656bd5343
    digest: shake256:c62ecead9b13485a02893cd678a6c81e40879bf00ea509bbc6fd8f1b2cc33eccf6a85c259b08d1e0f052f693cbfc7dfda236e9665b1d6869b8e1132a794a61e2
  - remote: buf.build
    owner: protocolbuffers
    repository: wellknowntypes
    commit: 122a3d2fdc814e0bb6fcf821bcce7957
    digest: shake256:e7579d76656bf352b2369d1c855f3a3ce25aeb3fd4a0505ad065e468fab2df935d6f2d14daa7d5dd98b4cd8102c6a509ede5969783be083b0e35e279b5de8be6
